
Microsoft Visual Studio Solution File, Format Version 12.00
# Visual Studio Version 16
VisualStudioVersion = 16.0.30804.86
MinimumVisualStudioVersion = 10.0.40219.1
Project("{FAE04EC0-301F-11D3-BF4B-00C04F79EFBC}") = "ClassMethodDemo", "ClassMethodDemo\ClassMethodDemo.csproj", "{28B46F41-24F8-4CA3-928A-E032DCECC402}"
EndProject
Global
	GlobalSection(SolutionConfigurationPlatforms) = preSolution
		Debug|Any CPU = Debug|Any CPU
		Release|Any CPU = Release|Any CPU
	EndGlobalSection
	GlobalSection(ProjectConfigurationPlatforms) = postSolution
		{28B46F41-24F8-4CA3-928A-E032DCECC402}.Debug|Any CPU.ActiveCfg = Debug|Any CPU
		{28B46F41-24F8-4CA3-928A-E032DCECC402}.Debug|Any CPU.Build.0 = Debug|Any CPU
		{28B46F41-24F8-4CA3-928A-E032DCECC402}.Release|Any CPU.ActiveCfg = Release|Any CPU
		{28B46F41-24F8-4CA3-928A-E032DCECC402}.Release|Any CPU.Build.0 = Release|Any CPU
	EndGlobalSection
	GlobalSection(SolutionProperties) = preSolution
		HideSolutionNode = FALSE
	EndGlobalSection
	GlobalSection(ExtensibilityGlobals) = postSolution
		SolutionGuid = {CB9EDBB4-12D4-46F7-978A-9EA7567CE043}
	EndGlobalSection
EndGlobal
